
Microsoft Visual Studio Solution File, Format Version 12.00
# Visual Studio Version 17
VisualStudioVersion = 17.9.34728.123
MinimumVisualStudioVersion = 10.0.40219.1
Project("{FAE04EC0-301F-11D3-BF4B-00C04F79EFBC}") = "E-4", "E-4.csproj", "{AF158971-9D94-4DF8-81F5-FA92DD9E27FC}"
EndProject
Global
	GlobalSection(SolutionConfigurationPlatforms) = preSolution
		Debug|Any CPU = Debug|Any CPU
		Release|Any CPU = Release|Any CPU
	EndGlobalSection
	GlobalSection(ProjectConfigurationPlatforms) = postSolution
		{AF158971-9D94-4DF8-81F5-FA92DD9E27FC}.Debug|Any CPU.ActiveCfg = Debug|Any CPU
		{AF158971-9D94-4DF8-81F5-FA92DD9E27FC}.Debug|Any CPU.Build.0 = Debug|Any CPU
		{AF158971-9D94-4DF8-81F5-FA92DD9E27FC}.Release|Any CPU.ActiveCfg = Release|Any CPU
		{AF158971-9D94-4DF8-81F5-FA92DD9E27FC}.Release|Any CPU.Build.0 = Release|Any CPU
	EndGlobalSection
	GlobalSection(SolutionProperties) = preSolution
		HideSolutionNode = FALSE
	EndGlobalSection
	GlobalSection(ExtensibilityGlobals) = postSolution
		SolutionGuid = {2985058C-53ED-4202-8D92-20AD2A4ED529}
	EndGlobalSection
EndGlobal
